PODS:
  - Adjust (4.37.2):
    - Adjust/Core (= 4.37.2)
  - Adjust/Core (4.37.2)
  - AppLovinSDK (12.1.0)

DEPENDENCIES:
  - Adjust
  - AppLovinSDK (= 12.1.0)

SPEC REPOS:
  https://github.com/CocoaPods/Specs.git:
    - Adjust
    - AppLovinSDK

SPEC CHECKSUMS:
  Adjust: a830d963025334aee8a62a7bac87825e297a841e
  AppLovinSDK: 179d509c258e01a3a77eb8416f0ba843a12ed322

PODFILE CHECKSUM: b9a286a3876bf1f068ebd77637943fba3af70320

COCOAPODS: 1.15.2
