PODS:
  - Adjust (5.4.1):
    - Adjust/Adjust (= 5.4.1)
  - Adjust/Adjust (5.4.1):
    - AdjustSignature (= 3.47.0)
  - AdjustSignature (3.47.0)
  - AppLovinSDK (13.3.1)
  - NeftaMAXAdapter (4.3.0):
    - AppLovinSDK (>= 12.0.0)
    - NeftaSDK (= 4.3.0)
  - NeftaSDK (4.3.0)

DEPENDENCIES:
  - Adjust
  - AppLovinSDK
  - NeftaMAXAdapter (from `.`)

SPEC REPOS:
  https://github.com/CocoaPods/Specs.git:
    - Adjust
    - AdjustSignature
    - AppLovinSDK
    - NeftaSDK

EXTERNAL SOURCES:
  NeftaMAXAdapter:
    :path: "."

SPEC CHECKSUMS:
  Adjust: 1ff981e84ae1306f8cce30e0661b3997dad1b85c
  AdjustSignature: d634fc6b66295c38807f3b4e50978c1f72355950
  AppLovinSDK: 5075837afdee4fb429121799b8cbcc5918ef3a23
  NeftaMAXAdapter: c3eb32d1903a6d7df22b87e32ba3b90b5de30cda
  NeftaSDK: d74f5a580ac7b726152e6c53a911467ac05d5408

PODFILE CHECKSUM: 8c74dda4b030b4961085f37d84407d02cb41624f

COCOAPODS: 1.16.2
